<?xml version="1.0" encoding="UTF-8" standalone="yes" ?>
<CodeBlocks_project_file>
	<FileVersion major="1" minor="6" />
	<Project>
		<Option title="dragonpoop_a" />
		<Option pch_mode="2" />
		<Option compiler="gcc" />
		<Build>
			<Target title="Debug">
				<Option output="bin/Debug/dragonpoop_a" prefix_auto="1" extension_auto="1" />
				<Option object_output="obj/Debug/" />
				<Option type="1" />
				<Option compiler="gcc" />
				<Compiler>
					<Add option="-g" />
				</Compiler>
			</Target>
			<Target title="Release">
				<Option output="bin/Release/dragonpoop_a" prefix_auto="1" extension_auto="1" />
				<Option object_output="obj/Release/" />
				<Option type="1" />
				<Option compiler="gcc" />
				<Compiler>
					<Add option="-O2" />
				</Compiler>
				<Linker>
					<Add option="-s" />
				</Linker>
			</Target>
		</Build>
		<Compiler>
			<Add option="-Wnon-virtual-dtor" />
			<Add option="-Winit-self" />
			<Add option="-Wredundant-decls" />
			<Add option="-Wunreachable-code" />
			<Add option="-std=c++11" />
			<Add option="-Wall" />
			<Add option="-fexceptions" />
		</Compiler>
		<Linker>
			<Add library="pthread" />
			<Add library="dl" />
		</Linker>
		<Unit filename="dp/dp.cpp" />
		<Unit filename="dp/dp.h" />
		<Unit filename="dp/dpcore/dpbuffer/dpbuffer/dpbuffer.cpp" />
		<Unit filename="dp/dpcore/dpbuffer/dpbuffer/dpbuffer.h" />
		<Unit filename="dp/dpcore/dpbuffer/dpbuffer_dynamic/dpbuffer_dynamic.cpp" />
		<Unit filename="dp/dpcore/dpbuffer/dpbuffer_dynamic/dpbuffer_dynamic.h" />
		<Unit filename="dp/dpcore/dpbuffer/dpbuffer_shared/dpbuffer_shared.cpp" />
		<Unit filename="dp/dpcore/dpbuffer/dpbuffer_shared/dpbuffer_shared.h" />
		<Unit filename="dp/dpcore/dpbuffer/dpbuffer_shared/dpbuffer_shared_readlock.cpp" />
		<Unit filename="dp/dpcore/dpbuffer/dpbuffer_shared/dpbuffer_shared_readlock.h" />
		<Unit filename="dp/dpcore/dpbuffer/dpbuffer_shared/dpbuffer_shared_ref.cpp" />
		<Unit filename="dp/dpcore/dpbuffer/dpbuffer_shared/dpbuffer_shared_ref.h" />
		<Unit filename="dp/dpcore/dpbuffer/dpbuffer_shared/dpbuffer_shared_writelock.cpp" />
		<Unit filename="dp/dpcore/dpbuffer/dpbuffer_shared/dpbuffer_shared_writelock.h" />
		<Unit filename="dp/dpcore/dpbuffer/dpbuffer_static/dpbuffer_static.cpp" />
		<Unit filename="dp/dpcore/dpbuffer/dpbuffer_static/dpbuffer_static.h" />
		<Unit filename="dp/dpcore/dpbuffer/dpbuffer_wrapper/dpbuffer_wrapper.cpp" />
		<Unit filename="dp/dpcore/dpbuffer/dpbuffer_wrapper/dpbuffer_wrapper.h" />
		<Unit filename="dp/dpcore/dpmutex/dpmutex.cpp" />
		<Unit filename="dp/dpcore/dpmutex/dpmutex.h" />
		<Unit filename="dp/dpcore/dpmutex/dpmutex_readlock.cpp" />
		<Unit filename="dp/dpcore/dpmutex/dpmutex_readlock.h" />
		<Unit filename="dp/dpcore/dpmutex/dpmutex_writelock.cpp" />
		<Unit filename="dp/dpcore/dpmutex/dpmutex_writelock.h" />
		<Unit filename="dp/dpcore/dpmutex/dpmutexdefines.h" />
		<Unit filename="dp/dpcore/dpmutex/dpmutexmaster.cpp" />
		<Unit filename="dp/dpcore/dpmutex/dpmutexmaster.h" />
		<Unit filename="dp/dpcore/dpmutex/dpspinlock.cpp" />
		<Unit filename="dp/dpcore/dpmutex/dpspinlock.h" />
		<Unit filename="dp/dpcore/dpshared/dpshared.cpp" />
		<Unit filename="dp/dpcore/dpshared/dpshared.h" />
		<Unit filename="dp/dpcore/dpshared/dpshared_guard.cpp" />
		<Unit filename="dp/dpcore/dpshared/dpshared_guard.h" />
		<Unit filename="dp/dpcore/dpshared/dpshared_readlock.cpp" />
		<Unit filename="dp/dpcore/dpshared/dpshared_readlock.h" />
		<Unit filename="dp/dpcore/dpshared/dpshared_ref.cpp" />
		<Unit filename="dp/dpcore/dpshared/dpshared_ref.h" />
		<Unit filename="dp/dpcore/dpshared/dpshared_ref_kernel.cpp" />
		<Unit filename="dp/dpcore/dpshared/dpshared_ref_kernel.h" />
		<Unit filename="dp/dpcore/dpshared/dpshared_writelock.cpp" />
		<Unit filename="dp/dpcore/dpshared/dpshared_writelock.h" />
		<Unit filename="dp/dpcore/dpshared/dpshareddefines.h" />
		<Unit filename="dp/dpcore/dptask/dptask.cpp" />
		<Unit filename="dp/dpcore/dptask/dptask.h" />
		<Unit filename="dp/dpcore/dptask/dptask_defines.h" />
		<Unit filename="dp/dpcore/dptask/dptask_readlock.cpp" />
		<Unit filename="dp/dpcore/dptask/dptask_readlock.h" />
		<Unit filename="dp/dpcore/dptask/dptask_ref.cpp" />
		<Unit filename="dp/dpcore/dptask/dptask_ref.h" />
		<Unit filename="dp/dpcore/dptask/dptask_writelock.cpp" />
		<Unit filename="dp/dpcore/dptask/dptask_writelock.h" />
		<Unit filename="dp/dpcore/dptaskmgr/dptaskmgr.cpp" />
		<Unit filename="dp/dpcore/dptaskmgr/dptaskmgr.h" />
		<Unit filename="dp/dpcore/dptaskmgr/dptaskmgr_readlock.cpp" />
		<Unit filename="dp/dpcore/dptaskmgr/dptaskmgr_readlock.h" />
		<Unit filename="dp/dpcore/dptaskmgr/dptaskmgr_ref.cpp" />
		<Unit filename="dp/dpcore/dptaskmgr/dptaskmgr_ref.h" />
		<Unit filename="dp/dpcore/dptaskmgr/dptaskmgr_writelock.cpp" />
		<Unit filename="dp/dpcore/dptaskmgr/dptaskmgr_writelock.h" />
		<Unit filename="dp/dpcore/dpthread/dpthread.cpp" />
		<Unit filename="dp/dpcore/dpthread/dpthread.h" />
		<Unit filename="dp/dpcore/dpthread/dpthread_defines.h" />
		<Unit filename="dp/dpcore/dpthread/dpthread_readlock.cpp" />
		<Unit filename="dp/dpcore/dpthread/dpthread_readlock.h" />
		<Unit filename="dp/dpcore/dpthread/dpthread_ref.cpp" />
		<Unit filename="dp/dpcore/dpthread/dpthread_ref.h" />
		<Unit filename="dp/dpcore/dpthread/dpthread_writelock.cpp" />
		<Unit filename="dp/dpcore/dpthread/dpthread_writelock.h" />
		<Unit filename="dp/dpdefines.h" />
		<Unit filename="dp/dpgfx/dpgfx/dpgfx.cpp" />
		<Unit filename="dp/dpgfx/dpgfx/dpgfx.h" />
		<Unit filename="dp/dpgfx/dpgfx/dpgfx_readlock.cpp" />
		<Unit filename="dp/dpgfx/dpgfx/dpgfx_readlock.h" />
		<Unit filename="dp/dpgfx/dpgfx/dpgfx_ref.cpp" />
		<Unit filename="dp/dpgfx/dpgfx/dpgfx_ref.h" />
		<Unit filename="dp/dpgfx/dpgfx/dpgfx_writelock.cpp" />
		<Unit filename="dp/dpgfx/dpgfx/dpgfx_writelock.h" />
		<Unit filename="dp/dprender/dpapi/dpapi/dpapi/dpapi.cpp" />
		<Unit filename="dp/dprender/dpapi/dpapi/dpapi/dpapi.h" />
		<Unit filename="dp/dprender/dpapi/dpapi/dpapi/dpapi_factory.cpp" />
		<Unit filename="dp/dprender/dpapi/dpapi/dpapi/dpapi_factory.h" />
		<Unit filename="dp/dprender/dpapi/dpapi/dpapi/dpapi_readlock.cpp" />
		<Unit filename="dp/dprender/dpapi/dpapi/dpapi/dpapi_readlock.h" />
		<Unit filename="dp/dprender/dpapi/dpapi/dpapi/dpapi_ref.cpp" />
		<Unit filename="dp/dprender/dpapi/dpapi/dpapi/dpapi_ref.h" />
		<Unit filename="dp/dprender/dpapi/dpapi/dpapi/dpapi_writelock.cpp" />
		<Unit filename="dp/dprender/dpapi/dpapi/dpapi/dpapi_writelock.h" />
		<Unit filename="dp/dprender/dpapi/dpapi/dpapi_bundle/dpapi_bundle.cpp" />
		<Unit filename="dp/dprender/dpapi/dpapi/dpapi_bundle/dpapi_bundle.h" />
		<Unit filename="dp/dprender/dpapi/dpapi/dpapi_bundle/dpapi_bundle_readlock.cpp" />
		<Unit filename="dp/dprender/dpapi/dpapi/dpapi_bundle/dpapi_bundle_readlock.h" />
		<Unit filename="dp/dprender/dpapi/dpapi/dpapi_bundle/dpapi_bundle_ref.cpp" />
		<Unit filename="dp/dprender/dpapi/dpapi/dpapi_bundle/dpapi_bundle_ref.h" />
		<Unit filename="dp/dprender/dpapi/dpapi/dpapi_bundle/dpapi_bundle_writelock.cpp" />
		<Unit filename="dp/dprender/dpapi/dpapi/dpapi_bundle/dpapi_bundle_writelock.h" />
		<Unit filename="dp/dprender/dpapi/dpapi/dpapi_commandlist/dpapi_commandlist.cpp" />
		<Unit filename="dp/dprender/dpapi/dpapi/dpapi_commandlist/dpapi_commandlist.h" />
		<Unit filename="dp/dprender/dpapi/dpapi/dpapi_commandlist/dpapi_commandlist_readlock.cpp" />
		<Unit filename="dp/dprender/dpapi/dpapi/dpapi_commandlist/dpapi_commandlist_readlock.h" />
		<Unit filename="dp/dprender/dpapi/dpapi/dpapi_commandlist/dpapi_commandlist_ref.cpp" />
		<Unit filename="dp/dprender/dpapi/dpapi/dpapi_commandlist/dpapi_commandlist_ref.h" />
		<Unit filename="dp/dprender/dpapi/dpapi/dpapi_commandlist/dpapi_commandlist_writelock.cpp" />
		<Unit filename="dp/dprender/dpapi/dpapi/dpapi_commandlist/dpapi_commandlist_writelock.h" />
		<Unit filename="dp/dprender/dpapi/dpapi/dpapi_commandlist_command/dpapi_commandlist_command/dpapi_commandlist_command.cpp" />
		<Unit filename="dp/dprender/dpapi/dpapi/dpapi_commandlist_command/dpapi_commandlist_command/dpapi_commandlist_command.h" />
		<Unit filename="dp/dprender/dpapi/dpapi/dpapi_commandlist_command/dpapi_commandlist_command_bundle/dpapi_commandlist_command_bundle.cpp" />
		<Unit filename="dp/dprender/dpapi/dpapi/dpapi_commandlist_command/dpapi_commandlist_command_bundle/dpapi_commandlist_command_bundle.h" />
		<Unit filename="dp/dprender/dpapi/dpapi/dpapi_context/dpapi_context.cpp" />
		<Unit filename="dp/dprender/dpapi/dpapi/dpapi_context/dpapi_context.h" />
		<Unit filename="dp/dprender/dpapi/dpapi/dpapi_context/dpapi_context_readlock.cpp" />
		<Unit filename="dp/dprender/dpapi/dpapi/dpapi_context/dpapi_context_readlock.h" />
		<Unit filename="dp/dprender/dpapi/dpapi/dpapi_context/dpapi_context_ref.cpp" />
		<Unit filename="dp/dprender/dpapi/dpapi/dpapi_context/dpapi_context_ref.h" />
		<Unit filename="dp/dprender/dpapi/dpapi/dpapi_context/dpapi_context_writelock.cpp" />
		<Unit filename="dp/dprender/dpapi/dpapi/dpapi_context/dpapi_context_writelock.h" />
		<Unit filename="dp/dprender/dpapi/dpapi/dpapi_indexbuffer/dpapi_indexbuffer.cpp" />
		<Unit filename="dp/dprender/dpapi/dpapi/dpapi_indexbuffer/dpapi_indexbuffer.h" />
		<Unit filename="dp/dprender/dpapi/dpapi/dpapi_indexbuffer/dpapi_indexbuffer_readlock.cpp" />
		<Unit filename="dp/dprender/dpapi/dpapi/dpapi_indexbuffer/dpapi_indexbuffer_readlock.h" />
		<Unit filename="dp/dprender/dpapi/dpapi/dpapi_indexbuffer/dpapi_indexbuffer_ref.cpp" />
		<Unit filename="dp/dprender/dpapi/dpapi/dpapi_indexbuffer/dpapi_indexbuffer_ref.h" />
		<Unit filename="dp/dprender/dpapi/dpapi/dpapi_indexbuffer/dpapi_indexbuffer_writelock.cpp" />
		<Unit filename="dp/dprender/dpapi/dpapi/dpapi_indexbuffer/dpapi_indexbuffer_writelock.h" />
		<Unit filename="dp/dprender/dpapi/dpapi/dpapi_material/dpapi_material.cpp" />
		<Unit filename="dp/dprender/dpapi/dpapi/dpapi_material/dpapi_material.h" />
		<Unit filename="dp/dprender/dpapi/dpapi/dpapi_material/dpapi_material_readlock.cpp" />
		<Unit filename="dp/dprender/dpapi/dpapi/dpapi_material/dpapi_material_readlock.h" />
		<Unit filename="dp/dprender/dpapi/dpapi/dpapi_material/dpapi_material_ref.cpp" />
		<Unit filename="dp/dprender/dpapi/dpapi/dpapi_material/dpapi_material_ref.h" />
		<Unit filename="dp/dprender/dpapi/dpapi/dpapi_material/dpapi_material_writelock.cpp" />
		<Unit filename="dp/dprender/dpapi/dpapi/dpapi_material/dpapi_material_writelock.h" />
		<Unit filename="dp/dprender/dpapi/dpapi/dpapi_primary_commandlist/dpapi_primary_commandlist.cpp" />
		<Unit filename="dp/dprender/dpapi/dpapi/dpapi_primary_commandlist/dpapi_primary_commandlist.h" />
		<Unit filename="dp/dprender/dpapi/dpapi/dpapi_primary_commandlist/dpapi_primary_commandlist_readlock.cpp" />
		<Unit filename="dp/dprender/dpapi/dpapi/dpapi_primary_commandlist/dpapi_primary_commandlist_readlock.h" />
		<Unit filename="dp/dprender/dpapi/dpapi/dpapi_primary_commandlist/dpapi_primary_commandlist_ref.cpp" />
		<Unit filename="dp/dprender/dpapi/dpapi/dpapi_primary_commandlist/dpapi_primary_commandlist_ref.h" />
		<Unit filename="dp/dprender/dpapi/dpapi/dpapi_primary_commandlist/dpapi_primary_commandlist_writelock.cpp" />
		<Unit filename="dp/dprender/dpapi/dpapi/dpapi_primary_commandlist/dpapi_primary_commandlist_writelock.h" />
		<Unit filename="dp/dprender/dpapi/dpapi/dpapi_primary_commandlist_command/dpapi_primary_commandlist_command/dpapi_primary_commandlist_command.cpp" />
		<Unit filename="dp/dprender/dpapi/dpapi/dpapi_primary_commandlist_command/dpapi_primary_commandlist_command/dpapi_primary_commandlist_command.h" />
		<Unit filename="dp/dprender/dpapi/dpapi/dpapi_primary_commandlist_command/dpapi_primary_commandlist_command_clearcolor/dpapi_primary_commandlist_command_clearcolor.cpp" />
		<Unit filename="dp/dprender/dpapi/dpapi/dpapi_primary_commandlist_command/dpapi_primary_commandlist_command_clearcolor/dpapi_primary_commandlist_command_clearcolor.h" />
		<Unit filename="dp/dprender/dpapi/dpapi/dpapi_primary_commandlist_command/dpapi_primary_commandlist_command_cleardepth/dpapi_primary_commandlist_command_cleardepth.cpp" />
		<Unit filename="dp/dprender/dpapi/dpapi/dpapi_primary_commandlist_command/dpapi_primary_commandlist_command_cleardepth/dpapi_primary_commandlist_command_cleardepth.h" />
		<Unit filename="dp/dprender/dpapi/dpapi/dpapi_primary_commandlist_command/dpapi_primary_commandlist_command_commandlist/dpapi_primary_commandlist_command_commandlist.cpp" />
		<Unit filename="dp/dprender/dpapi/dpapi/dpapi_primary_commandlist_command/dpapi_primary_commandlist_command_commandlist/dpapi_primary_commandlist_command_commandlist.h" />
		<Unit filename="dp/dprender/dpapi/dpapi/dpapi_primary_commandlist_command/dpapi_primary_commandlist_command_swapbuffers/dpapi_primary_commandlist_command_swapbuffers.cpp" />
		<Unit filename="dp/dprender/dpapi/dpapi/dpapi_primary_commandlist_command/dpapi_primary_commandlist_command_swapbuffers/dpapi_primary_commandlist_command_swapbuffers.h" />
		<Unit filename="dp/dprender/dpapi/dpapi/dpapi_renderpass/dpapi_renderpass.cpp" />
		<Unit filename="dp/dprender/dpapi/dpapi/dpapi_renderpass/dpapi_renderpass.h" />
		<Unit filename="dp/dprender/dpapi/dpapi/dpapi_renderpass/dpapi_renderpass_readlock.cpp" />
		<Unit filename="dp/dprender/dpapi/dpapi/dpapi_renderpass/dpapi_renderpass_readlock.h" />
		<Unit filename="dp/dprender/dpapi/dpapi/dpapi_renderpass/dpapi_renderpass_ref.cpp" />
		<Unit filename="dp/dprender/dpapi/dpapi/dpapi_renderpass/dpapi_renderpass_ref.h" />
		<Unit filename="dp/dprender/dpapi/dpapi/dpapi_renderpass/dpapi_renderpass_writelock.cpp" />
		<Unit filename="dp/dprender/dpapi/dpapi/dpapi_renderpass/dpapi_renderpass_writelock.h" />
		<Unit filename="dp/dprender/dpapi/dpapi/dpapi_shader/dpapi_shader.cpp" />
		<Unit filename="dp/dprender/dpapi/dpapi/dpapi_shader/dpapi_shader.h" />
		<Unit filename="dp/dprender/dpapi/dpapi/dpapi_shader/dpapi_shader_readlock.cpp" />
		<Unit filename="dp/dprender/dpapi/dpapi/dpapi_shader/dpapi_shader_readlock.h" />
		<Unit filename="dp/dprender/dpapi/dpapi/dpapi_shader/dpapi_shader_ref.cpp" />
		<Unit filename="dp/dprender/dpapi/dpapi/dpapi_shader/dpapi_shader_ref.h" />
		<Unit filename="dp/dprender/dpapi/dpapi/dpapi_shader/dpapi_shader_writelock.cpp" />
		<Unit filename="dp/dprender/dpapi/dpapi/dpapi_shader/dpapi_shader_writelock.h" />
		<Unit filename="dp/dprender/dpapi/dpapi/dpapi_texture/dpapi_texture.cpp" />
		<Unit filename="dp/dprender/dpapi/dpapi/dpapi_texture/dpapi_texture.h" />
		<Unit filename="dp/dprender/dpapi/dpapi/dpapi_texture/dpapi_texture_readlock.cpp" />
		<Unit filename="dp/dprender/dpapi/dpapi/dpapi_texture/dpapi_texture_readlock.h" />
		<Unit filename="dp/dprender/dpapi/dpapi/dpapi_texture/dpapi_texture_ref.cpp" />
		<Unit filename="dp/dprender/dpapi/dpapi/dpapi_texture/dpapi_texture_ref.h" />
		<Unit filename="dp/dprender/dpapi/dpapi/dpapi_texture/dpapi_texture_writelock.cpp" />
		<Unit filename="dp/dprender/dpapi/dpapi/dpapi_texture/dpapi_texture_writelock.h" />
		<Unit filename="dp/dprender/dpapi/dpapi/dpapi_vertexbuffer/dpapi_vertexbuffer.cpp" />
		<Unit filename="dp/dprender/dpapi/dpapi/dpapi_vertexbuffer/dpapi_vertexbuffer.h" />
		<Unit filename="dp/dprender/dpapi/dpapi/dpapi_vertexbuffer/dpapi_vertexbuffer_readlock.cpp" />
		<Unit filename="dp/dprender/dpapi/dpapi/dpapi_vertexbuffer/dpapi_vertexbuffer_readlock.h" />
		<Unit filename="dp/dprender/dpapi/dpapi/dpapi_vertexbuffer/dpapi_vertexbuffer_ref.cpp" />
		<Unit filename="dp/dprender/dpapi/dpapi/dpapi_vertexbuffer/dpapi_vertexbuffer_ref.h" />
		<Unit filename="dp/dprender/dpapi/dpapi/dpapi_vertexbuffer/dpapi_vertexbuffer_writelock.cpp" />
		<Unit filename="dp/dprender/dpapi/dpapi/dpapi_vertexbuffer/dpapi_vertexbuffer_writelock.h" />
		<Unit filename="dp/dprender/dpapi/dpapi_opengl1o5/dpapi_opengl1o5/dpapi_opengl1o5.cpp" />
		<Unit filename="dp/dprender/dpapi/dpapi_opengl1o5/dpapi_opengl1o5/dpapi_opengl1o5.h" />
		<Unit filename="dp/dprender/dpapi/dpapi_opengl1o5/dpapi_opengl1o5/dpapi_opengl1o5_factory.cpp" />
		<Unit filename="dp/dprender/dpapi/dpapi_opengl1o5/dpapi_opengl1o5/dpapi_opengl1o5_factory.h" />
		<Unit filename="dp/dprender/dpapi/dpapi_opengl1o5/dpapi_opengl1o5/dpapi_opengl1o5_functions.h" />
		<Unit filename="dp/dprender/dpapi/dpapi_opengl1o5/dpapi_opengl1o5/dpapi_opengl1o5_readlock.cpp" />
		<Unit filename="dp/dprender/dpapi/dpapi_opengl1o5/dpapi_opengl1o5/dpapi_opengl1o5_readlock.h" />
		<Unit filename="dp/dprender/dpapi/dpapi_opengl1o5/dpapi_opengl1o5/dpapi_opengl1o5_ref.cpp" />
		<Unit filename="dp/dprender/dpapi/dpapi_opengl1o5/dpapi_opengl1o5/dpapi_opengl1o5_ref.h" />
		<Unit filename="dp/dprender/dpapi/dpapi_opengl1o5/dpapi_opengl1o5/dpapi_opengl1o5_writelock.cpp" />
		<Unit filename="dp/dprender/dpapi/dpapi_opengl1o5/dpapi_opengl1o5/dpapi_opengl1o5_writelock.h" />
		<Unit filename="dp/dprender/dpapi/dpapi_opengl1o5/dpapi_opengl1o5_context/dpapi_opengl1o5_context.cpp" />
		<Unit filename="dp/dprender/dpapi/dpapi_opengl1o5/dpapi_opengl1o5_context/dpapi_opengl1o5_context.h" />
		<Unit filename="dp/dprender/dpapi/dpapi_opengl1o5/dpapi_opengl1o5_context/dpapi_opengl1o5_context_readlock.cpp" />
		<Unit filename="dp/dprender/dpapi/dpapi_opengl1o5/dpapi_opengl1o5_context/dpapi_opengl1o5_context_readlock.h" />
		<Unit filename="dp/dprender/dpapi/dpapi_opengl1o5/dpapi_opengl1o5_context/dpapi_opengl1o5_context_ref.cpp" />
		<Unit filename="dp/dprender/dpapi/dpapi_opengl1o5/dpapi_opengl1o5_context/dpapi_opengl1o5_context_ref.h" />
		<Unit filename="dp/dprender/dpapi/dpapi_opengl1o5/dpapi_opengl1o5_context/dpapi_opengl1o5_context_writelock.cpp" />
		<Unit filename="dp/dprender/dpapi/dpapi_opengl1o5/dpapi_opengl1o5_context/dpapi_opengl1o5_context_writelock.h" />
		<Unit filename="dp/dprender/dpapi/dpapi_opengl1o5/dpapi_opengl1o5_primary_commandlist/dpapi_opengl1o5_primary_commandlist.cpp" />
		<Unit filename="dp/dprender/dpapi/dpapi_opengl1o5/dpapi_opengl1o5_primary_commandlist/dpapi_opengl1o5_primary_commandlist.h" />
		<Unit filename="dp/dprender/dpapi/dpapi_opengl1o5/dpapi_opengl1o5_primary_commandlist_command/dpapi_opengl1o5_primary_commandlist_command_clearcolor/dpapi_opengl1o5_primary_commandlist_command_clearcolor.cpp" />
		<Unit filename="dp/dprender/dpapi/dpapi_opengl1o5/dpapi_opengl1o5_primary_commandlist_command/dpapi_opengl1o5_primary_commandlist_command_clearcolor/dpapi_opengl1o5_primary_commandlist_command_clearcolor.h" />
		<Unit filename="dp/dprender/dpapi/dpapi_opengl1o5/dpapi_opengl1o5_primary_commandlist_command/dpapi_opengl1o5_primary_commandlist_command_cleardepth/dpapi_opengl1o5_primary_commandlist_command_cleardepth.cpp" />
		<Unit filename="dp/dprender/dpapi/dpapi_opengl1o5/dpapi_opengl1o5_primary_commandlist_command/dpapi_opengl1o5_primary_commandlist_command_cleardepth/dpapi_opengl1o5_primary_commandlist_command_cleardepth.h" />
		<Unit filename="dp/dprender/dpapi/dpapi_opengl1o5/dpapi_opengl1o5_primary_commandlist_command/dpapi_opengl1o5_primary_commandlist_command_swapbuffers/dpapi_opengl1o5_primary_commandlist_command_swapbuffers.cpp" />
		<Unit filename="dp/dprender/dpapi/dpapi_opengl1o5/dpapi_opengl1o5_primary_commandlist_command/dpapi_opengl1o5_primary_commandlist_command_swapbuffers/dpapi_opengl1o5_primary_commandlist_command_swapbuffers.h" />
		<Unit filename="dp/dprender/dpapi/dpapi_task/dpapi_task.cpp" />
		<Unit filename="dp/dprender/dpapi/dpapi_task/dpapi_task.h" />
		<Unit filename="dp/dprender/dpapi/dpapi_x11_opengl1o5/dpapi_x11_opengl1o5/dpapi_x11_opengl1o5.cpp" />
		<Unit filename="dp/dprender/dpapi/dpapi_x11_opengl1o5/dpapi_x11_opengl1o5/dpapi_x11_opengl1o5.h" />
		<Unit filename="dp/dprender/dpapi/dpapi_x11_opengl1o5/dpapi_x11_opengl1o5/dpapi_x11_opengl1o5_factory.cpp" />
		<Unit filename="dp/dprender/dpapi/dpapi_x11_opengl1o5/dpapi_x11_opengl1o5/dpapi_x11_opengl1o5_factory.h" />
		<Unit filename="dp/dprender/dpapi/dpapi_x11_opengl1o5/dpapi_x11_opengl1o5/dpapi_x11_opengl1o5_functions.h" />
		<Unit filename="dp/dprender/dpapi/dpapi_x11_opengl1o5/dpapi_x11_opengl1o5/dpapi_x11_opengl1o5_writelock.cpp" />
		<Unit filename="dp/dprender/dpapi/dpapi_x11_opengl1o5/dpapi_x11_opengl1o5/dpapi_x11_opengl1o5_writelock.h" />
		<Unit filename="dp/dprender/dpapi/dpapi_x11_opengl1o5/dpapi_x11_opengl1o5_context/dpapi_x11_opengl1o5_context.cpp" />
		<Unit filename="dp/dprender/dpapi/dpapi_x11_opengl1o5/dpapi_x11_opengl1o5_context/dpapi_x11_opengl1o5_context.h" />
		<Unit filename="dp/dprender/dpapi/dpapi_x11_opengl1o5/dpapi_x11_opengl1o5_context/dpapi_x11_opengl1o5_context_readlock.cpp" />
		<Unit filename="dp/dprender/dpapi/dpapi_x11_opengl1o5/dpapi_x11_opengl1o5_context/dpapi_x11_opengl1o5_context_readlock.h" />
		<Unit filename="dp/dprender/dpapi/dpapi_x11_opengl1o5/dpapi_x11_opengl1o5_context/dpapi_x11_opengl1o5_context_ref.cpp" />
		<Unit filename="dp/dprender/dpapi/dpapi_x11_opengl1o5/dpapi_x11_opengl1o5_context/dpapi_x11_opengl1o5_context_ref.h" />
		<Unit filename="dp/dprender/dpapi/dpapi_x11_opengl1o5/dpapi_x11_opengl1o5_context/dpapi_x11_opengl1o5_context_writelock.cpp" />
		<Unit filename="dp/dprender/dpapi/dpapi_x11_opengl1o5/dpapi_x11_opengl1o5_context/dpapi_x11_opengl1o5_context_writelock.h" />
		<Unit filename="dp/dprender/dpapi/dpapi_x11_opengl1o5/dpapi_x11_opengl1o5_primary_commandlist/dpapi_x11_opengl1o5_primary_commandlist.cpp" />
		<Unit filename="dp/dprender/dpapi/dpapi_x11_opengl1o5/dpapi_x11_opengl1o5_primary_commandlist/dpapi_x11_opengl1o5_primary_commandlist.h" />
		<Unit filename="dp/dprender/dpapi/dpapi_x11_opengl1o5/dpapi_x11_opengl1o5_primary_commandlist_command/dpapi_x11_opengl1o5_primary_commandlist_command_swapbuffers/dpapi_x11_opengl1o5_primary_commandlist_command_swapbuffers.cpp" />
		<Unit filename="dp/dprender/dpapi/dpapi_x11_opengl1o5/dpapi_x11_opengl1o5_primary_commandlist_command/dpapi_x11_opengl1o5_primary_commandlist_command_swapbuffers/dpapi_x11_opengl1o5_primary_commandlist_command_swapbuffers.h" />
		<Unit filename="dp/dprender/dprender/dprender/dprender.cpp" />
		<Unit filename="dp/dprender/dprender/dprender/dprender.h" />
		<Unit filename="dp/dprender/dprender/dprender/dprender_readlock.cpp" />
		<Unit filename="dp/dprender/dprender/dprender/dprender_readlock.h" />
		<Unit filename="dp/dprender/dprender/dprender/dprender_ref.cpp" />
		<Unit filename="dp/dprender/dprender/dprender/dprender_ref.h" />
		<Unit filename="dp/dprender/dprender/dprender/dprender_scenelink.h" />
		<Unit filename="dp/dprender/dprender/dprender/dprender_writelock.cpp" />
		<Unit filename="dp/dprender/dprender/dprender/dprender_writelock.h" />
		<Unit filename="dp/dprender/dprender/dprender_frame_thread/dprender_frame_thread.cpp" />
		<Unit filename="dp/dprender/dprender/dprender_frame_thread/dprender_frame_thread.h" />
		<Unit filename="dp/dprender/dprender/dprender_gui_thread/dprender_gui_thread.cpp" />
		<Unit filename="dp/dprender/dprender/dprender_gui_thread/dprender_gui_thread.h" />
		<Unit filename="dp/dprender/dprender/dprender_scene/dprender_scene.cpp" />
		<Unit filename="dp/dprender/dprender/dprender_scene/dprender_scene.h" />
		<Unit filename="dp/dprender/dprender/dprender_scene/dprender_scene_readlock.cpp" />
		<Unit filename="dp/dprender/dprender/dprender_scene/dprender_scene_readlock.h" />
		<Unit filename="dp/dprender/dprender/dprender_scene/dprender_scene_ref.cpp" />
		<Unit filename="dp/dprender/dprender/dprender_scene/dprender_scene_ref.h" />
		<Unit filename="dp/dprender/dprender/dprender_scene/dprender_scene_writelock.cpp" />
		<Unit filename="dp/dprender/dprender/dprender_scene/dprender_scene_writelock.h" />
		<Unit filename="dp/dprender/dpvertex/dpindex.h" />
		<Unit filename="dp/dprender/dpvertex/dpindexbuffer.cpp" />
		<Unit filename="dp/dprender/dpvertex/dpindexbuffer.h" />
		<Unit filename="dp/dprender/dpvertex/dpvarbuffer.cpp" />
		<Unit filename="dp/dprender/dpvertex/dpvarbuffer.h" />
		<Unit filename="dp/dprender/dpvertex/dpvertex.h" />
		<Unit filename="dp/dprender/dpvertex/dpvertexbuffer.cpp" />
		<Unit filename="dp/dprender/dpvertex/dpvertexbuffer.h" />
		<Unit filename="dp/dprender/dpwindow/dpwindow/dpwindow.cpp" />
		<Unit filename="dp/dprender/dpwindow/dpwindow/dpwindow.h" />
		<Unit filename="dp/dprender/dpwindow/dpwindow/dpwindow_factory.cpp" />
		<Unit filename="dp/dprender/dpwindow/dpwindow/dpwindow_factory.h" />
		<Unit filename="dp/dprender/dpwindow/dpwindow/dpwindow_readlock.cpp" />
		<Unit filename="dp/dprender/dpwindow/dpwindow/dpwindow_readlock.h" />
		<Unit filename="dp/dprender/dpwindow/dpwindow/dpwindow_ref.cpp" />
		<Unit filename="dp/dprender/dpwindow/dpwindow/dpwindow_ref.h" />
		<Unit filename="dp/dprender/dpwindow/dpwindow/dpwindow_writelock.cpp" />
		<Unit filename="dp/dprender/dpwindow/dpwindow/dpwindow_writelock.h" />
		<Unit filename="dp/dprender/dpwindow/dpwindow_task/dpwindow_task.cpp" />
		<Unit filename="dp/dprender/dpwindow/dpwindow_task/dpwindow_task.h" />
		<Unit filename="dp/dprender/dpwindow/dpwindow_x11/dpwindow_x11.cpp" />
		<Unit filename="dp/dprender/dpwindow/dpwindow_x11/dpwindow_x11.h" />
		<Unit filename="dp/dprender/dpwindow/dpwindow_x11/dpwindow_x11_factory.cpp" />
		<Unit filename="dp/dprender/dpwindow/dpwindow_x11/dpwindow_x11_factory.h" />
		<Unit filename="dp/dprender/dpwindow/dpwindow_x11/dpwindow_x11_readlock.cpp" />
		<Unit filename="dp/dprender/dpwindow/dpwindow_x11/dpwindow_x11_readlock.h" />
		<Unit filename="dp/dprender/dpwindow/dpwindow_x11/dpwindow_x11_ref.cpp" />
		<Unit filename="dp/dprender/dpwindow/dpwindow_x11/dpwindow_x11_ref.h" />
		<Unit filename="dp/dprender/dpwindow/dpwindow_x11/dpwindow_x11_writelock.cpp" />
		<Unit filename="dp/dprender/dpwindow/dpwindow_x11/dpwindow_x11_writelock.h" />
		<Unit filename="main.cpp" />
		<Extensions>
			<code_completion />
			<envvars />
			<debugger />
			<lib_finder disable_auto="1" />
		</Extensions>
	</Project>
</CodeBlocks_project_file>
