<?xml version="1.0" encoding="UTF-8" standalone="yes" ?>
<CodeBlocks_project_file>
	<FileVersion major="1" minor="6" />
	<Project>
		<Option title="dragonpoop_a" />
		<Option pch_mode="2" />
		<Option compiler="gcc" />
		<Build>
			<Target title="Debug">
				<Option output="bin/Debug/dragonpoop_a" prefix_auto="1" extension_auto="1" />
				<Option object_output="obj/Debug/" />
				<Option type="1" />
				<Option compiler="gcc" />
				<Compiler>
					<Add option="-g" />
				</Compiler>
			</Target>
			<Target title="Release">
				<Option output="bin/Release/dragonpoop_a" prefix_auto="1" extension_auto="1" />
				<Option object_output="obj/Release/" />
				<Option type="1" />
				<Option compiler="gcc" />
				<Compiler>
					<Add option="-O2" />
				</Compiler>
				<Linker>
					<Add option="-s" />
				</Linker>
			</Target>
		</Build>
		<Compiler>
			<Add option="-Wnon-virtual-dtor" />
			<Add option="-Winit-self" />
			<Add option="-Wredundant-decls" />
			<Add option="-Wunreachable-code" />
			<Add option="-std=c++11" />
			<Add option="-Wall" />
			<Add option="-fexceptions" />
			<Add directory="/usr/include/freetype2" />
		</Compiler>
		<Linker>
			<Add library="pthread" />
			<Add library="dl" />
			<Add library="freetype" />
		</Linker>
		<Unit filename="dp/dp.cpp" />
		<Unit filename="dp/dp.h" />
		<Unit filename="dp/dpcore/dpbuffer/dpbuffer/dpbuffer.cpp" />
		<Unit filename="dp/dpcore/dpbuffer/dpbuffer/dpbuffer.h" />
		<Unit filename="dp/dpcore/dpbuffer/dpbuffer_compress/dpbuffer_compress.cpp" />
		<Unit filename="dp/dpcore/dpbuffer/dpbuffer_compress/dpbuffer_compress.h" />
		<Unit filename="dp/dpcore/dpbuffer/dpbuffer_concrete/dpbuffer_concrete.cpp" />
		<Unit filename="dp/dpcore/dpbuffer/dpbuffer_concrete/dpbuffer_concrete.h" />
		<Unit filename="dp/dpcore/dpbuffer/dpbuffer_deflate/dpbuffer_deflate.cpp" />
		<Unit filename="dp/dpcore/dpbuffer/dpbuffer_deflate/dpbuffer_deflate.h" />
		<Unit filename="dp/dpcore/dpbuffer/dpbuffer_dynamic/dpbuffer_dynamic.cpp" />
		<Unit filename="dp/dpcore/dpbuffer/dpbuffer_dynamic/dpbuffer_dynamic.h" />
		<Unit filename="dp/dpcore/dpbuffer/dpbuffer_shared/dpbuffer_shared.cpp" />
		<Unit filename="dp/dpcore/dpbuffer/dpbuffer_shared/dpbuffer_shared.h" />
		<Unit filename="dp/dpcore/dpbuffer/dpbuffer_shared/dpbuffer_shared_readlock.cpp" />
		<Unit filename="dp/dpcore/dpbuffer/dpbuffer_shared/dpbuffer_shared_readlock.h" />
		<Unit filename="dp/dpcore/dpbuffer/dpbuffer_shared/dpbuffer_shared_ref.cpp" />
		<Unit filename="dp/dpcore/dpbuffer/dpbuffer_shared/dpbuffer_shared_ref.h" />
		<Unit filename="dp/dpcore/dpbuffer/dpbuffer_shared/dpbuffer_shared_writelock.cpp" />
		<Unit filename="dp/dpcore/dpbuffer/dpbuffer_shared/dpbuffer_shared_writelock.h" />
		<Unit filename="dp/dpcore/dpbuffer/dpbuffer_static/dpbuffer_static.cpp" />
		<Unit filename="dp/dpcore/dpbuffer/dpbuffer_static/dpbuffer_static.h" />
		<Unit filename="dp/dpcore/dpbuffer/dpbuffer_wrapper/dpbuffer_wrapper.cpp" />
		<Unit filename="dp/dpcore/dpbuffer/dpbuffer_wrapper/dpbuffer_wrapper.h" />
		<Unit filename="dp/dpcore/dpbuffer/dpbuffer_zlib/dpbuffer_zlib.cpp" />
		<Unit filename="dp/dpcore/dpbuffer/dpbuffer_zlib/dpbuffer_zlib.h" />
		<Unit filename="dp/dpcore/dpmutex/dpmutex.cpp" />
		<Unit filename="dp/dpcore/dpmutex/dpmutex.h" />
		<Unit filename="dp/dpcore/dpmutex/dpmutex_readlock.cpp" />
		<Unit filename="dp/dpcore/dpmutex/dpmutex_readlock.h" />
		<Unit filename="dp/dpcore/dpmutex/dpmutex_writelock.cpp" />
		<Unit filename="dp/dpcore/dpmutex/dpmutex_writelock.h" />
		<Unit filename="dp/dpcore/dpmutex/dpmutexdefines.h" />
		<Unit filename="dp/dpcore/dpmutex/dpmutexmaster.cpp" />
		<Unit filename="dp/dpcore/dpmutex/dpmutexmaster.h" />
		<Unit filename="dp/dpcore/dpmutex/dpspinlock.cpp" />
		<Unit filename="dp/dpcore/dpmutex/dpspinlock.h" />
		<Unit filename="dp/dpcore/dpshared/dpshared.cpp" />
		<Unit filename="dp/dpcore/dpshared/dpshared.h" />
		<Unit filename="dp/dpcore/dpshared/dpshared_guard.cpp" />
		<Unit filename="dp/dpcore/dpshared/dpshared_guard.h" />
		<Unit filename="dp/dpcore/dpshared/dpshared_readlock.cpp" />
		<Unit filename="dp/dpcore/dpshared/dpshared_readlock.h" />
		<Unit filename="dp/dpcore/dpshared/dpshared_ref.cpp" />
		<Unit filename="dp/dpcore/dpshared/dpshared_ref.h" />
		<Unit filename="dp/dpcore/dpshared/dpshared_ref_kernel.cpp" />
		<Unit filename="dp/dpcore/dpshared/dpshared_ref_kernel.h" />
		<Unit filename="dp/dpcore/dpshared/dpshared_writelock.cpp" />
		<Unit filename="dp/dpcore/dpshared/dpshared_writelock.h" />
		<Unit filename="dp/dpcore/dpshared/dpshareddefines.h" />
		<Unit filename="dp/dpcore/dptask/dptask.cpp" />
		<Unit filename="dp/dpcore/dptask/dptask.h" />
		<Unit filename="dp/dpcore/dptask/dptask_defines.h" />
		<Unit filename="dp/dpcore/dptask/dptask_readlock.cpp" />
		<Unit filename="dp/dpcore/dptask/dptask_readlock.h" />
		<Unit filename="dp/dpcore/dptask/dptask_ref.cpp" />
		<Unit filename="dp/dpcore/dptask/dptask_ref.h" />
		<Unit filename="dp/dpcore/dptask/dptask_writelock.cpp" />
		<Unit filename="dp/dpcore/dptask/dptask_writelock.h" />
		<Unit filename="dp/dpcore/dptaskmgr/dptaskmgr.cpp" />
		<Unit filename="dp/dpcore/dptaskmgr/dptaskmgr.h" />
		<Unit filename="dp/dpcore/dptaskmgr/dptaskmgr_readlock.cpp" />
		<Unit filename="dp/dpcore/dptaskmgr/dptaskmgr_readlock.h" />
		<Unit filename="dp/dpcore/dptaskmgr/dptaskmgr_ref.cpp" />
		<Unit filename="dp/dpcore/dptaskmgr/dptaskmgr_ref.h" />
		<Unit filename="dp/dpcore/dptaskmgr/dptaskmgr_writelock.cpp" />
		<Unit filename="dp/dpcore/dptaskmgr/dptaskmgr_writelock.h" />
		<Unit filename="dp/dpcore/dpthread/dpthread.cpp" />
		<Unit filename="dp/dpcore/dpthread/dpthread.h" />
		<Unit filename="dp/dpcore/dpthread/dpthread_defines.h" />
		<Unit filename="dp/dpcore/dpthread/dpthread_readlock.cpp" />
		<Unit filename="dp/dpcore/dpthread/dpthread_readlock.h" />
		<Unit filename="dp/dpcore/dpthread/dpthread_ref.cpp" />
		<Unit filename="dp/dpcore/dpthread/dpthread_ref.h" />
		<Unit filename="dp/dpcore/dpthread/dpthread_writelock.cpp" />
		<Unit filename="dp/dpcore/dpthread/dpthread_writelock.h" />
		<Unit filename="dp/dpdefines.h" />
		<Unit filename="dp/dpgfx/dpbitmap/dpbitmap/dpbitmap.cpp" />
		<Unit filename="dp/dpgfx/dpbitmap/dpbitmap/dpbitmap.h" />
		<Unit filename="dp/dpgfx/dpbitmap/dpbitmap_16bit_uncompressed/dpbitmap_16bit_uncompressed.cpp" />
		<Unit filename="dp/dpgfx/dpbitmap/dpbitmap_16bit_uncompressed/dpbitmap_16bit_uncompressed.h" />
		<Unit filename="dp/dpgfx/dpbitmap/dpbitmap_1bit_palette/dpbitmap_1bit_palette.cpp" />
		<Unit filename="dp/dpgfx/dpbitmap/dpbitmap_1bit_palette/dpbitmap_1bit_palette.h" />
		<Unit filename="dp/dpgfx/dpbitmap/dpbitmap_24bit_uncompressed/dpbitmap_24bit_uncompressed.cpp" />
		<Unit filename="dp/dpgfx/dpbitmap/dpbitmap_24bit_uncompressed/dpbitmap_24bit_uncompressed.h" />
		<Unit filename="dp/dpgfx/dpbitmap/dpbitmap_32bit_uncompressed/dpbitmap_32bit_uncompressed.cpp" />
		<Unit filename="dp/dpgfx/dpbitmap/dpbitmap_32bit_uncompressed/dpbitmap_32bit_uncompressed.h" />
		<Unit filename="dp/dpgfx/dpbitmap/dpbitmap_4bit_palette/dpbitmap_4bit_palette.cpp" />
		<Unit filename="dp/dpgfx/dpbitmap/dpbitmap_4bit_palette/dpbitmap_4bit_palette.h" />
		<Unit filename="dp/dpgfx/dpbitmap/dpbitmap_8bit_palette/dpbitmap_8bit_palette.cpp" />
		<Unit filename="dp/dpgfx/dpbitmap/dpbitmap_8bit_palette/dpbitmap_8bit_palette.h" />
		<Unit filename="dp/dpgfx/dpbitmap/dpbitmap_compressed/dpbitmap_compressed.cpp" />
		<Unit filename="dp/dpgfx/dpbitmap/dpbitmap_compressed/dpbitmap_compressed.h" />
		<Unit filename="dp/dpgfx/dpbitmap/dpbitmap_loader/dpbitmap_loader.cpp" />
		<Unit filename="dp/dpgfx/dpbitmap/dpbitmap_loader/dpbitmap_loader.h" />
		<Unit filename="dp/dpgfx/dpbitmap/dpbitmap_png/dpbitmap_png.cpp" />
		<Unit filename="dp/dpgfx/dpbitmap/dpbitmap_png/dpbitmap_png.h" />
		<Unit filename="dp/dpgfx/dpbitmap/dpbitmap_png_bitmap/dpbitmap_png_bitmap.cpp" />
		<Unit filename="dp/dpgfx/dpbitmap/dpbitmap_png_bitmap/dpbitmap_png_bitmap.h" />
		<Unit filename="dp/dpgfx/dpbitmap/dpbitmap_uncompressed/dpbitmap_uncompressed.cpp" />
		<Unit filename="dp/dpgfx/dpbitmap/dpbitmap_uncompressed/dpbitmap_uncompressed.h" />
		<Unit filename="dp/dpgfx/dpbitmap/dpbitmap_uncompressed_palette/dpbitmap_uncompressed_palette.cpp" />
		<Unit filename="dp/dpgfx/dpbitmap/dpbitmap_uncompressed_palette/dpbitmap_uncompressed_palette.h" />
		<Unit filename="dp/dpgfx/dpfont/dpfont/dpfont.cpp" />
		<Unit filename="dp/dpgfx/dpfont/dpfont/dpfont.h" />
		<Unit filename="dp/dpgfx/dpfont/dpfont_bitmap/dpfont_bitmap.cpp" />
		<Unit filename="dp/dpgfx/dpfont/dpfont_bitmap/dpfont_bitmap.h" />
		<Unit filename="dp/dpgfx/dpfont/dpfont_filter/dpfont_filter.cpp" />
		<Unit filename="dp/dpgfx/dpfont/dpfont_filter/dpfont_filter.h" />
		<Unit filename="dp/dpgfx/dpfont/dpfont_filter_color/dpfont_filter_color.cpp" />
		<Unit filename="dp/dpgfx/dpfont/dpfont_filter_color/dpfont_filter_color.h" />
		<Unit filename="dp/dpgfx/dpfont/dpfont_filter_face/dpfont_filter_face.cpp" />
		<Unit filename="dp/dpgfx/dpfont/dpfont_filter_face/dpfont_filter_face.h" />
		<Unit filename="dp/dpgfx/dpfont/dpfont_filter_size/dpfont_filter_size.cpp" />
		<Unit filename="dp/dpgfx/dpfont/dpfont_filter_size/dpfont_filter_size.h" />
		<Unit filename="dp/dpgfx/dpgfx/dpgfx.cpp" />
		<Unit filename="dp/dpgfx/dpgfx/dpgfx.h" />
		<Unit filename="dp/dpgfx/dpgfx/dpgfx_readlock.cpp" />
		<Unit filename="dp/dpgfx/dpgfx/dpgfx_readlock.h" />
		<Unit filename="dp/dpgfx/dpgfx/dpgfx_ref.cpp" />
		<Unit filename="dp/dpgfx/dpgfx/dpgfx_ref.h" />
		<Unit filename="dp/dpgfx/dpgfx/dpgfx_writelock.cpp" />
		<Unit filename="dp/dpgfx/dpgfx/dpgfx_writelock.h" />
		<Unit filename="dp/dpgfx/dpgui/dpgui.cpp" />
		<Unit filename="dp/dpgfx/dpgui/dpgui.h" />
		<Unit filename="dp/dpgfx/dpgui/dpgui_factory.cpp" />
		<Unit filename="dp/dpgfx/dpgui/dpgui_factory.h" />
		<Unit filename="dp/dpgfx/dpgui/dpgui_readlock.cpp" />
		<Unit filename="dp/dpgfx/dpgui/dpgui_readlock.h" />
		<Unit filename="dp/dpgfx/dpgui/dpgui_ref.cpp" />
		<Unit filename="dp/dpgfx/dpgui/dpgui_ref.h" />
		<Unit filename="dp/dpgfx/dpgui/dpgui_writelock.cpp" />
		<Unit filename="dp/dpgfx/dpgui/dpgui_writelock.h" />
		<Unit filename="dp/dpgfx/dpgui_list/dpgui_list.cpp" />
		<Unit filename="dp/dpgfx/dpgui_list/dpgui_list.h" />
		<Unit filename="dp/dpgfx/dpgui_list/dpgui_list_readlock.cpp" />
		<Unit filename="dp/dpgfx/dpgui_list/dpgui_list_readlock.h" />
		<Unit filename="dp/dpgfx/dpgui_list/dpgui_list_ref.cpp" />
		<Unit filename="dp/dpgfx/dpgui_list/dpgui_list_ref.h" />
		<Unit filename="dp/dpgfx/dpgui_list/dpgui_list_writelock.cpp" />
		<Unit filename="dp/dpgfx/dpgui_list/dpgui_list_writelock.h" />
		<Unit filename="dp/dpgfx/dpvertex/dpindex.h" />
		<Unit filename="dp/dpgfx/dpvertex/dpindexbuffer.cpp" />
		<Unit filename="dp/dpgfx/dpvertex/dpindexbuffer.h" />
		<Unit filename="dp/dpgfx/dpvertex/dpvarbuffer.cpp" />
		<Unit filename="dp/dpgfx/dpvertex/dpvarbuffer.h" />
		<Unit filename="dp/dpgfx/dpvertex/dpvertex.h" />
		<Unit filename="dp/dpgfx/dpvertex/dpvertexbuffer.cpp" />
		<Unit filename="dp/dpgfx/dpvertex/dpvertexbuffer.h" />
		<Unit filename="dp/dprender/dpapi/dpapi/dpapi/dpapi.cpp" />
		<Unit filename="dp/dprender/dpapi/dpapi/dpapi/dpapi.h" />
		<Unit filename="dp/dprender/dpapi/dpapi/dpapi/dpapi_factory.cpp" />
		<Unit filename="dp/dprender/dpapi/dpapi/dpapi/dpapi_factory.h" />
		<Unit filename="dp/dprender/dpapi/dpapi/dpapi/dpapi_readlock.cpp" />
		<Unit filename="dp/dprender/dpapi/dpapi/dpapi/dpapi_readlock.h" />
		<Unit filename="dp/dprender/dpapi/dpapi/dpapi/dpapi_ref.cpp" />
		<Unit filename="dp/dprender/dpapi/dpapi/dpapi/dpapi_ref.h" />
		<Unit filename="dp/dprender/dpapi/dpapi/dpapi/dpapi_writelock.cpp" />
		<Unit filename="dp/dprender/dpapi/dpapi/dpapi/dpapi_writelock.h" />
		<Unit filename="dp/dprender/dpapi/dpapi/dpapi_bundle/dpapi_bundle.cpp" />
		<Unit filename="dp/dprender/dpapi/dpapi/dpapi_bundle/dpapi_bundle.h" />
		<Unit filename="dp/dprender/dpapi/dpapi/dpapi_bundle/dpapi_bundle_readlock.cpp" />
		<Unit filename="dp/dprender/dpapi/dpapi/dpapi_bundle/dpapi_bundle_readlock.h" />
		<Unit filename="dp/dprender/dpapi/dpapi/dpapi_bundle/dpapi_bundle_ref.cpp" />
		<Unit filename="dp/dprender/dpapi/dpapi/dpapi_bundle/dpapi_bundle_ref.h" />
		<Unit filename="dp/dprender/dpapi/dpapi/dpapi_bundle/dpapi_bundle_writelock.cpp" />
		<Unit filename="dp/dprender/dpapi/dpapi/dpapi_bundle/dpapi_bundle_writelock.h" />
		<Unit filename="dp/dprender/dpapi/dpapi/dpapi_commandlist/dpapi_commandlist.cpp" />
		<Unit filename="dp/dprender/dpapi/dpapi/dpapi_commandlist/dpapi_commandlist.h" />
		<Unit filename="dp/dprender/dpapi/dpapi/dpapi_commandlist/dpapi_commandlist_readlock.cpp" />
		<Unit filename="dp/dprender/dpapi/dpapi/dpapi_commandlist/dpapi_commandlist_readlock.h" />
		<Unit filename="dp/dprender/dpapi/dpapi/dpapi_commandlist/dpapi_commandlist_ref.cpp" />
		<Unit filename="dp/dprender/dpapi/dpapi/dpapi_commandlist/dpapi_commandlist_ref.h" />
		<Unit filename="dp/dprender/dpapi/dpapi/dpapi_commandlist/dpapi_commandlist_writelock.cpp" />
		<Unit filename="dp/dprender/dpapi/dpapi/dpapi_commandlist/dpapi_commandlist_writelock.h" />
		<Unit filename="dp/dprender/dpapi/dpapi/dpapi_commandlist_command/dpapi_commandlist_command/dpapi_commandlist_command.cpp" />
		<Unit filename="dp/dprender/dpapi/dpapi/dpapi_commandlist_command/dpapi_commandlist_command/dpapi_commandlist_command.h" />
		<Unit filename="dp/dprender/dpapi/dpapi/dpapi_commandlist_command/dpapi_commandlist_command_bundle/dpapi_commandlist_command_bundle.cpp" />
		<Unit filename="dp/dprender/dpapi/dpapi/dpapi_commandlist_command/dpapi_commandlist_command_bundle/dpapi_commandlist_command_bundle.h" />
		<Unit filename="dp/dprender/dpapi/dpapi/dpapi_context/dpapi_context.cpp" />
		<Unit filename="dp/dprender/dpapi/dpapi/dpapi_context/dpapi_context.h" />
		<Unit filename="dp/dprender/dpapi/dpapi/dpapi_context/dpapi_context_readlock.cpp" />
		<Unit filename="dp/dprender/dpapi/dpapi/dpapi_context/dpapi_context_readlock.h" />
		<Unit filename="dp/dprender/dpapi/dpapi/dpapi_context/dpapi_context_ref.cpp" />
		<Unit filename="dp/dprender/dpapi/dpapi/dpapi_context/dpapi_context_ref.h" />
		<Unit filename="dp/dprender/dpapi/dpapi/dpapi_context/dpapi_context_writelock.cpp" />
		<Unit filename="dp/dprender/dpapi/dpapi/dpapi_context/dpapi_context_writelock.h" />
		<Unit filename="dp/dprender/dpapi/dpapi/dpapi_indexbuffer/dpapi_indexbuffer.cpp" />
		<Unit filename="dp/dprender/dpapi/dpapi/dpapi_indexbuffer/dpapi_indexbuffer.h" />
		<Unit filename="dp/dprender/dpapi/dpapi/dpapi_indexbuffer/dpapi_indexbuffer_readlock.cpp" />
		<Unit filename="dp/dprender/dpapi/dpapi/dpapi_indexbuffer/dpapi_indexbuffer_readlock.h" />
		<Unit filename="dp/dprender/dpapi/dpapi/dpapi_indexbuffer/dpapi_indexbuffer_ref.cpp" />
		<Unit filename="dp/dprender/dpapi/dpapi/dpapi_indexbuffer/dpapi_indexbuffer_ref.h" />
		<Unit filename="dp/dprender/dpapi/dpapi/dpapi_indexbuffer/dpapi_indexbuffer_writelock.cpp" />
		<Unit filename="dp/dprender/dpapi/dpapi/dpapi_indexbuffer/dpapi_indexbuffer_writelock.h" />
		<Unit filename="dp/dprender/dpapi/dpapi/dpapi_material/dpapi_material.cpp" />
		<Unit filename="dp/dprender/dpapi/dpapi/dpapi_material/dpapi_material.h" />
		<Unit filename="dp/dprender/dpapi/dpapi/dpapi_material/dpapi_material_readlock.cpp" />
		<Unit filename="dp/dprender/dpapi/dpapi/dpapi_material/dpapi_material_readlock.h" />
		<Unit filename="dp/dprender/dpapi/dpapi/dpapi_material/dpapi_material_ref.cpp" />
		<Unit filename="dp/dprender/dpapi/dpapi/dpapi_material/dpapi_material_ref.h" />
		<Unit filename="dp/dprender/dpapi/dpapi/dpapi_material/dpapi_material_writelock.cpp" />
		<Unit filename="dp/dprender/dpapi/dpapi/dpapi_material/dpapi_material_writelock.h" />
		<Unit filename="dp/dprender/dpapi/dpapi/dpapi_primary_commandlist/dpapi_primary_commandlist.cpp" />
		<Unit filename="dp/dprender/dpapi/dpapi/dpapi_primary_commandlist/dpapi_primary_commandlist.h" />
		<Unit filename="dp/dprender/dpapi/dpapi/dpapi_primary_commandlist/dpapi_primary_commandlist_readlock.cpp" />
		<Unit filename="dp/dprender/dpapi/dpapi/dpapi_primary_commandlist/dpapi_primary_commandlist_readlock.h" />
		<Unit filename="dp/dprender/dpapi/dpapi/dpapi_primary_commandlist/dpapi_primary_commandlist_ref.cpp" />
		<Unit filename="dp/dprender/dpapi/dpapi/dpapi_primary_commandlist/dpapi_primary_commandlist_ref.h" />
		<Unit filename="dp/dprender/dpapi/dpapi/dpapi_primary_commandlist/dpapi_primary_commandlist_writelock.cpp" />
		<Unit filename="dp/dprender/dpapi/dpapi/dpapi_primary_commandlist/dpapi_primary_commandlist_writelock.h" />
		<Unit filename="dp/dprender/dpapi/dpapi/dpapi_primary_commandlist_command/dpapi_primary_commandlist_command/dpapi_primary_commandlist_command.cpp" />
		<Unit filename="dp/dprender/dpapi/dpapi/dpapi_primary_commandlist_command/dpapi_primary_commandlist_command/dpapi_primary_commandlist_command.h" />
		<Unit filename="dp/dprender/dpapi/dpapi/dpapi_primary_commandlist_command/dpapi_primary_commandlist_command_clearcolor/dpapi_primary_commandlist_command_clearcolor.cpp" />
		<Unit filename="dp/dprender/dpapi/dpapi/dpapi_primary_commandlist_command/dpapi_primary_commandlist_command_clearcolor/dpapi_primary_commandlist_command_clearcolor.h" />
		<Unit filename="dp/dprender/dpapi/dpapi/dpapi_primary_commandlist_command/dpapi_primary_commandlist_command_cleardepth/dpapi_primary_commandlist_command_cleardepth.cpp" />
		<Unit filename="dp/dprender/dpapi/dpapi/dpapi_primary_commandlist_command/dpapi_primary_commandlist_command_cleardepth/dpapi_primary_commandlist_command_cleardepth.h" />
		<Unit filename="dp/dprender/dpapi/dpapi/dpapi_primary_commandlist_command/dpapi_primary_commandlist_command_commandlist/dpapi_primary_commandlist_command_commandlist.cpp" />
		<Unit filename="dp/dprender/dpapi/dpapi/dpapi_primary_commandlist_command/dpapi_primary_commandlist_command_commandlist/dpapi_primary_commandlist_command_commandlist.h" />
		<Unit filename="dp/dprender/dpapi/dpapi/dpapi_primary_commandlist_command/dpapi_primary_commandlist_command_swapbuffers/dpapi_primary_commandlist_command_swapbuffers.cpp" />
		<Unit filename="dp/dprender/dpapi/dpapi/dpapi_primary_commandlist_command/dpapi_primary_commandlist_command_swapbuffers/dpapi_primary_commandlist_command_swapbuffers.h" />
		<Unit filename="dp/dprender/dpapi/dpapi/dpapi_renderpass/dpapi_renderpass.cpp" />
		<Unit filename="dp/dprender/dpapi/dpapi/dpapi_renderpass/dpapi_renderpass.h" />
		<Unit filename="dp/dprender/dpapi/dpapi/dpapi_renderpass/dpapi_renderpass_readlock.cpp" />
		<Unit filename="dp/dprender/dpapi/dpapi/dpapi_renderpass/dpapi_renderpass_readlock.h" />
		<Unit filename="dp/dprender/dpapi/dpapi/dpapi_renderpass/dpapi_renderpass_ref.cpp" />
		<Unit filename="dp/dprender/dpapi/dpapi/dpapi_renderpass/dpapi_renderpass_ref.h" />
		<Unit filename="dp/dprender/dpapi/dpapi/dpapi_renderpass/dpapi_renderpass_writelock.cpp" />
		<Unit filename="dp/dprender/dpapi/dpapi/dpapi_renderpass/dpapi_renderpass_writelock.h" />
		<Unit filename="dp/dprender/dpapi/dpapi/dpapi_shader/dpapi_shader.cpp" />
		<Unit filename="dp/dprender/dpapi/dpapi/dpapi_shader/dpapi_shader.h" />
		<Unit filename="dp/dprender/dpapi/dpapi/dpapi_shader/dpapi_shader_readlock.cpp" />
		<Unit filename="dp/dprender/dpapi/dpapi/dpapi_shader/dpapi_shader_readlock.h" />
		<Unit filename="dp/dprender/dpapi/dpapi/dpapi_shader/dpapi_shader_ref.cpp" />
		<Unit filename="dp/dprender/dpapi/dpapi/dpapi_shader/dpapi_shader_ref.h" />
		<Unit filename="dp/dprender/dpapi/dpapi/dpapi_shader/dpapi_shader_writelock.cpp" />
		<Unit filename="dp/dprender/dpapi/dpapi/dpapi_shader/dpapi_shader_writelock.h" />
		<Unit filename="dp/dprender/dpapi/dpapi/dpapi_texture/dpapi_texture.cpp" />
		<Unit filename="dp/dprender/dpapi/dpapi/dpapi_texture/dpapi_texture.h" />
		<Unit filename="dp/dprender/dpapi/dpapi/dpapi_texture/dpapi_texture_readlock.cpp" />
		<Unit filename="dp/dprender/dpapi/dpapi/dpapi_texture/dpapi_texture_readlock.h" />
		<Unit filename="dp/dprender/dpapi/dpapi/dpapi_texture/dpapi_texture_ref.cpp" />
		<Unit filename="dp/dprender/dpapi/dpapi/dpapi_texture/dpapi_texture_ref.h" />
		<Unit filename="dp/dprender/dpapi/dpapi/dpapi_texture/dpapi_texture_writelock.cpp" />
		<Unit filename="dp/dprender/dpapi/dpapi/dpapi_texture/dpapi_texture_writelock.h" />
		<Unit filename="dp/dprender/dpapi/dpapi/dpapi_vertexbuffer/dpapi_vertexbuffer.cpp" />
		<Unit filename="dp/dprender/dpapi/dpapi/dpapi_vertexbuffer/dpapi_vertexbuffer.h" />
		<Unit filename="dp/dprender/dpapi/dpapi/dpapi_vertexbuffer/dpapi_vertexbuffer_readlock.cpp" />
		<Unit filename="dp/dprender/dpapi/dpapi/dpapi_vertexbuffer/dpapi_vertexbuffer_readlock.h" />
		<Unit filename="dp/dprender/dpapi/dpapi/dpapi_vertexbuffer/dpapi_vertexbuffer_ref.cpp" />
		<Unit filename="dp/dprender/dpapi/dpapi/dpapi_vertexbuffer/dpapi_vertexbuffer_ref.h" />
		<Unit filename="dp/dprender/dpapi/dpapi/dpapi_vertexbuffer/dpapi_vertexbuffer_writelock.cpp" />
		<Unit filename="dp/dprender/dpapi/dpapi/dpapi_vertexbuffer/dpapi_vertexbuffer_writelock.h" />
		<Unit filename="dp/dprender/dpapi/dpapi_opengl1o5/dpapi_opengl1o5/dpapi_opengl1o5.cpp" />
		<Unit filename="dp/dprender/dpapi/dpapi_opengl1o5/dpapi_opengl1o5/dpapi_opengl1o5.h" />
		<Unit filename="dp/dprender/dpapi/dpapi_opengl1o5/dpapi_opengl1o5/dpapi_opengl1o5_factory.cpp" />
		<Unit filename="dp/dprender/dpapi/dpapi_opengl1o5/dpapi_opengl1o5/dpapi_opengl1o5_factory.h" />
		<Unit filename="dp/dprender/dpapi/dpapi_opengl1o5/dpapi_opengl1o5/dpapi_opengl1o5_functions.h" />
		<Unit filename="dp/dprender/dpapi/dpapi_opengl1o5/dpapi_opengl1o5/dpapi_opengl1o5_readlock.cpp" />
		<Unit filename="dp/dprender/dpapi/dpapi_opengl1o5/dpapi_opengl1o5/dpapi_opengl1o5_readlock.h" />
		<Unit filename="dp/dprender/dpapi/dpapi_opengl1o5/dpapi_opengl1o5/dpapi_opengl1o5_ref.cpp" />
		<Unit filename="dp/dprender/dpapi/dpapi_opengl1o5/dpapi_opengl1o5/dpapi_opengl1o5_ref.h" />
		<Unit filename="dp/dprender/dpapi/dpapi_opengl1o5/dpapi_opengl1o5/dpapi_opengl1o5_writelock.cpp" />
		<Unit filename="dp/dprender/dpapi/dpapi_opengl1o5/dpapi_opengl1o5/dpapi_opengl1o5_writelock.h" />
		<Unit filename="dp/dprender/dpapi/dpapi_opengl1o5/dpapi_opengl1o5_bundle/dpapi_opengl1o5_bundle.cpp" />
		<Unit filename="dp/dprender/dpapi/dpapi_opengl1o5/dpapi_opengl1o5_bundle/dpapi_opengl1o5_bundle.h" />
		<Unit filename="dp/dprender/dpapi/dpapi_opengl1o5/dpapi_opengl1o5_context/dpapi_opengl1o5_context.cpp" />
		<Unit filename="dp/dprender/dpapi/dpapi_opengl1o5/dpapi_opengl1o5_context/dpapi_opengl1o5_context.h" />
		<Unit filename="dp/dprender/dpapi/dpapi_opengl1o5/dpapi_opengl1o5_context/dpapi_opengl1o5_context_readlock.cpp" />
		<Unit filename="dp/dprender/dpapi/dpapi_opengl1o5/dpapi_opengl1o5_context/dpapi_opengl1o5_context_readlock.h" />
		<Unit filename="dp/dprender/dpapi/dpapi_opengl1o5/dpapi_opengl1o5_context/dpapi_opengl1o5_context_ref.cpp" />
		<Unit filename="dp/dprender/dpapi/dpapi_opengl1o5/dpapi_opengl1o5_context/dpapi_opengl1o5_context_ref.h" />
		<Unit filename="dp/dprender/dpapi/dpapi_opengl1o5/dpapi_opengl1o5_context/dpapi_opengl1o5_context_writelock.cpp" />
		<Unit filename="dp/dprender/dpapi/dpapi_opengl1o5/dpapi_opengl1o5_context/dpapi_opengl1o5_context_writelock.h" />
		<Unit filename="dp/dprender/dpapi/dpapi_opengl1o5/dpapi_opengl1o5_indexbuffer/dpapi_opengl1o5_indexbuffer.cpp" />
		<Unit filename="dp/dprender/dpapi/dpapi_opengl1o5/dpapi_opengl1o5_indexbuffer/dpapi_opengl1o5_indexbuffer.h" />
		<Unit filename="dp/dprender/dpapi/dpapi_opengl1o5/dpapi_opengl1o5_indexbuffer/dpapi_opengl1o5_indexbuffer_readlock.cpp" />
		<Unit filename="dp/dprender/dpapi/dpapi_opengl1o5/dpapi_opengl1o5_indexbuffer/dpapi_opengl1o5_indexbuffer_readlock.h" />
		<Unit filename="dp/dprender/dpapi/dpapi_opengl1o5/dpapi_opengl1o5_indexbuffer/dpapi_opengl1o5_indexbuffer_ref.cpp" />
		<Unit filename="dp/dprender/dpapi/dpapi_opengl1o5/dpapi_opengl1o5_indexbuffer/dpapi_opengl1o5_indexbuffer_ref.h" />
		<Unit filename="dp/dprender/dpapi/dpapi_opengl1o5/dpapi_opengl1o5_indexbuffer/dpapi_opengl1o5_indexbuffer_writelock.cpp" />
		<Unit filename="dp/dprender/dpapi/dpapi_opengl1o5/dpapi_opengl1o5_indexbuffer/dpapi_opengl1o5_indexbuffer_writelock.h" />
		<Unit filename="dp/dprender/dpapi/dpapi_opengl1o5/dpapi_opengl1o5_primary_commandlist/dpapi_opengl1o5_primary_commandlist.cpp" />
		<Unit filename="dp/dprender/dpapi/dpapi_opengl1o5/dpapi_opengl1o5_primary_commandlist/dpapi_opengl1o5_primary_commandlist.h" />
		<Unit filename="dp/dprender/dpapi/dpapi_opengl1o5/dpapi_opengl1o5_primary_commandlist_command/dpapi_opengl1o5_primary_commandlist_command_clearcolor/dpapi_opengl1o5_primary_commandlist_command_clearcolor.cpp" />
		<Unit filename="dp/dprender/dpapi/dpapi_opengl1o5/dpapi_opengl1o5_primary_commandlist_command/dpapi_opengl1o5_primary_commandlist_command_clearcolor/dpapi_opengl1o5_primary_commandlist_command_clearcolor.h" />
		<Unit filename="dp/dprender/dpapi/dpapi_opengl1o5/dpapi_opengl1o5_primary_commandlist_command/dpapi_opengl1o5_primary_commandlist_command_cleardepth/dpapi_opengl1o5_primary_commandlist_command_cleardepth.cpp" />
		<Unit filename="dp/dprender/dpapi/dpapi_opengl1o5/dpapi_opengl1o5_primary_commandlist_command/dpapi_opengl1o5_primary_commandlist_command_cleardepth/dpapi_opengl1o5_primary_commandlist_command_cleardepth.h" />
		<Unit filename="dp/dprender/dpapi/dpapi_opengl1o5/dpapi_opengl1o5_primary_commandlist_command/dpapi_opengl1o5_primary_commandlist_command_swapbuffers/dpapi_opengl1o5_primary_commandlist_command_swapbuffers.cpp" />
		<Unit filename="dp/dprender/dpapi/dpapi_opengl1o5/dpapi_opengl1o5_primary_commandlist_command/dpapi_opengl1o5_primary_commandlist_command_swapbuffers/dpapi_opengl1o5_primary_commandlist_command_swapbuffers.h" />
		<Unit filename="dp/dprender/dpapi/dpapi_opengl1o5/dpapi_opengl1o5_texture/dpapi_opengl1o5_texture.cpp" />
		<Unit filename="dp/dprender/dpapi/dpapi_opengl1o5/dpapi_opengl1o5_texture/dpapi_opengl1o5_texture.h" />
		<Unit filename="dp/dprender/dpapi/dpapi_opengl1o5/dpapi_opengl1o5_texture/dpapi_opengl1o5_texture_readlock.cpp" />
		<Unit filename="dp/dprender/dpapi/dpapi_opengl1o5/dpapi_opengl1o5_texture/dpapi_opengl1o5_texture_readlock.h" />
		<Unit filename="dp/dprender/dpapi/dpapi_opengl1o5/dpapi_opengl1o5_texture/dpapi_opengl1o5_texture_ref.cpp" />
		<Unit filename="dp/dprender/dpapi/dpapi_opengl1o5/dpapi_opengl1o5_texture/dpapi_opengl1o5_texture_ref.h" />
		<Unit filename="dp/dprender/dpapi/dpapi_opengl1o5/dpapi_opengl1o5_texture/dpapi_opengl1o5_texture_writelock.cpp" />
		<Unit filename="dp/dprender/dpapi/dpapi_opengl1o5/dpapi_opengl1o5_texture/dpapi_opengl1o5_texture_writelock.h" />
		<Unit filename="dp/dprender/dpapi/dpapi_opengl1o5/dpapi_opengl1o5_vertexbuffer/dpapi_opengl1o5_vertexbuffer.cpp" />
		<Unit filename="dp/dprender/dpapi/dpapi_opengl1o5/dpapi_opengl1o5_vertexbuffer/dpapi_opengl1o5_vertexbuffer.h" />
		<Unit filename="dp/dprender/dpapi/dpapi_opengl1o5/dpapi_opengl1o5_vertexbuffer/dpapi_opengl1o5_vertexbuffer_readlock.cpp" />
		<Unit filename="dp/dprender/dpapi/dpapi_opengl1o5/dpapi_opengl1o5_vertexbuffer/dpapi_opengl1o5_vertexbuffer_readlock.h" />
		<Unit filename="dp/dprender/dpapi/dpapi_opengl1o5/dpapi_opengl1o5_vertexbuffer/dpapi_opengl1o5_vertexbuffer_ref.cpp" />
		<Unit filename="dp/dprender/dpapi/dpapi_opengl1o5/dpapi_opengl1o5_vertexbuffer/dpapi_opengl1o5_vertexbuffer_ref.h" />
		<Unit filename="dp/dprender/dpapi/dpapi_opengl1o5/dpapi_opengl1o5_vertexbuffer/dpapi_opengl1o5_vertexbuffer_writelock.cpp" />
		<Unit filename="dp/dprender/dpapi/dpapi_opengl1o5/dpapi_opengl1o5_vertexbuffer/dpapi_opengl1o5_vertexbuffer_writelock.h" />
		<Unit filename="dp/dprender/dpapi/dpapi_task/dpapi_task.cpp" />
		<Unit filename="dp/dprender/dpapi/dpapi_task/dpapi_task.h" />
		<Unit filename="dp/dprender/dpapi/dpapi_x11_opengl1o5/dpapi_x11_opengl1o5/dpapi_x11_opengl1o5.cpp" />
		<Unit filename="dp/dprender/dpapi/dpapi_x11_opengl1o5/dpapi_x11_opengl1o5/dpapi_x11_opengl1o5.h" />
		<Unit filename="dp/dprender/dpapi/dpapi_x11_opengl1o5/dpapi_x11_opengl1o5/dpapi_x11_opengl1o5_factory.cpp" />
		<Unit filename="dp/dprender/dpapi/dpapi_x11_opengl1o5/dpapi_x11_opengl1o5/dpapi_x11_opengl1o5_factory.h" />
		<Unit filename="dp/dprender/dpapi/dpapi_x11_opengl1o5/dpapi_x11_opengl1o5/dpapi_x11_opengl1o5_functions.h" />
		<Unit filename="dp/dprender/dpapi/dpapi_x11_opengl1o5/dpapi_x11_opengl1o5/dpapi_x11_opengl1o5_writelock.cpp" />
		<Unit filename="dp/dprender/dpapi/dpapi_x11_opengl1o5/dpapi_x11_opengl1o5/dpapi_x11_opengl1o5_writelock.h" />
		<Unit filename="dp/dprender/dpapi/dpapi_x11_opengl1o5/dpapi_x11_opengl1o5_context/dpapi_x11_opengl1o5_context.cpp" />
		<Unit filename="dp/dprender/dpapi/dpapi_x11_opengl1o5/dpapi_x11_opengl1o5_context/dpapi_x11_opengl1o5_context.h" />
		<Unit filename="dp/dprender/dpapi/dpapi_x11_opengl1o5/dpapi_x11_opengl1o5_context/dpapi_x11_opengl1o5_context_readlock.cpp" />
		<Unit filename="dp/dprender/dpapi/dpapi_x11_opengl1o5/dpapi_x11_opengl1o5_context/dpapi_x11_opengl1o5_context_readlock.h" />
		<Unit filename="dp/dprender/dpapi/dpapi_x11_opengl1o5/dpapi_x11_opengl1o5_context/dpapi_x11_opengl1o5_context_ref.cpp" />
		<Unit filename="dp/dprender/dpapi/dpapi_x11_opengl1o5/dpapi_x11_opengl1o5_context/dpapi_x11_opengl1o5_context_ref.h" />
		<Unit filename="dp/dprender/dpapi/dpapi_x11_opengl1o5/dpapi_x11_opengl1o5_context/dpapi_x11_opengl1o5_context_writelock.cpp" />
		<Unit filename="dp/dprender/dpapi/dpapi_x11_opengl1o5/dpapi_x11_opengl1o5_context/dpapi_x11_opengl1o5_context_writelock.h" />
		<Unit filename="dp/dprender/dpapi/dpapi_x11_opengl1o5/dpapi_x11_opengl1o5_primary_commandlist/dpapi_x11_opengl1o5_primary_commandlist.cpp" />
		<Unit filename="dp/dprender/dpapi/dpapi_x11_opengl1o5/dpapi_x11_opengl1o5_primary_commandlist/dpapi_x11_opengl1o5_primary_commandlist.h" />
		<Unit filename="dp/dprender/dpapi/dpapi_x11_opengl1o5/dpapi_x11_opengl1o5_primary_commandlist_command/dpapi_x11_opengl1o5_primary_commandlist_command_swapbuffers/dpapi_x11_opengl1o5_primary_commandlist_command_swapbuffers.cpp" />
		<Unit filename="dp/dprender/dpapi/dpapi_x11_opengl1o5/dpapi_x11_opengl1o5_primary_commandlist_command/dpapi_x11_opengl1o5_primary_commandlist_command_swapbuffers/dpapi_x11_opengl1o5_primary_commandlist_command_swapbuffers.h" />
		<Unit filename="dp/dprender/dprender/dprender/dprender.cpp" />
		<Unit filename="dp/dprender/dprender/dprender/dprender.h" />
		<Unit filename="dp/dprender/dprender/dprender/dprender_readlock.cpp" />
		<Unit filename="dp/dprender/dprender/dprender/dprender_readlock.h" />
		<Unit filename="dp/dprender/dprender/dprender/dprender_ref.cpp" />
		<Unit filename="dp/dprender/dprender/dprender/dprender_ref.h" />
		<Unit filename="dp/dprender/dprender/dprender/dprender_scenelink.h" />
		<Unit filename="dp/dprender/dprender/dprender/dprender_writelock.cpp" />
		<Unit filename="dp/dprender/dprender/dprender/dprender_writelock.h" />
		<Unit filename="dp/dprender/dprender/dprender_frame_thread/dprender_frame_thread.cpp" />
		<Unit filename="dp/dprender/dprender/dprender_frame_thread/dprender_frame_thread.h" />
		<Unit filename="dp/dprender/dprender/dprender_frame_thread/dprender_frame_thread_readlock.cpp" />
		<Unit filename="dp/dprender/dprender/dprender_frame_thread/dprender_frame_thread_readlock.h" />
		<Unit filename="dp/dprender/dprender/dprender_frame_thread/dprender_frame_thread_ref.cpp" />
		<Unit filename="dp/dprender/dprender/dprender_frame_thread/dprender_frame_thread_ref.h" />
		<Unit filename="dp/dprender/dprender/dprender_frame_thread/dprender_frame_thread_writelock.cpp" />
		<Unit filename="dp/dprender/dprender/dprender_frame_thread/dprender_frame_thread_writelock.h" />
		<Unit filename="dp/dprender/dprender/dprender_gui_thread/dprender_gui_thread.cpp" />
		<Unit filename="dp/dprender/dprender/dprender_gui_thread/dprender_gui_thread.h" />
		<Unit filename="dp/dprender/dprender/dprender_hello_triangle_scene_thread/dprender_hello_triangle_scene_thread.cpp" />
		<Unit filename="dp/dprender/dprender/dprender_hello_triangle_scene_thread/dprender_hello_triangle_scene_thread.h" />
		<Unit filename="dp/dprender/dprender/dprender_scene/dprender_scene.cpp" />
		<Unit filename="dp/dprender/dprender/dprender_scene/dprender_scene.h" />
		<Unit filename="dp/dprender/dprender/dprender_scene/dprender_scene_readlock.cpp" />
		<Unit filename="dp/dprender/dprender/dprender_scene/dprender_scene_readlock.h" />
		<Unit filename="dp/dprender/dprender/dprender_scene/dprender_scene_ref.cpp" />
		<Unit filename="dp/dprender/dprender/dprender_scene/dprender_scene_ref.h" />
		<Unit filename="dp/dprender/dprender/dprender_scene/dprender_scene_writelock.cpp" />
		<Unit filename="dp/dprender/dprender/dprender_scene/dprender_scene_writelock.h" />
		<Unit filename="dp/dprender/dprender/dprender_scene_thread/dprender_scene_thread.cpp" />
		<Unit filename="dp/dprender/dprender/dprender_scene_thread/dprender_scene_thread.h" />
		<Unit filename="dp/dprender/dprender/dprender_scene_thread/dprender_scene_thread_readlock.cpp" />
		<Unit filename="dp/dprender/dprender/dprender_scene_thread/dprender_scene_thread_readlock.h" />
		<Unit filename="dp/dprender/dprender/dprender_scene_thread/dprender_scene_thread_ref.cpp" />
		<Unit filename="dp/dprender/dprender/dprender_scene_thread/dprender_scene_thread_ref.h" />
		<Unit filename="dp/dprender/dprender/dprender_scene_thread/dprender_scene_thread_writelock.cpp" />
		<Unit filename="dp/dprender/dprender/dprender_scene_thread/dprender_scene_thread_writelock.h" />
		<Unit filename="dp/dprender/dpwindow/dpwindow/dpwindow.cpp" />
		<Unit filename="dp/dprender/dpwindow/dpwindow/dpwindow.h" />
		<Unit filename="dp/dprender/dpwindow/dpwindow/dpwindow_factory.cpp" />
		<Unit filename="dp/dprender/dpwindow/dpwindow/dpwindow_factory.h" />
		<Unit filename="dp/dprender/dpwindow/dpwindow/dpwindow_readlock.cpp" />
		<Unit filename="dp/dprender/dpwindow/dpwindow/dpwindow_readlock.h" />
		<Unit filename="dp/dprender/dpwindow/dpwindow/dpwindow_ref.cpp" />
		<Unit filename="dp/dprender/dpwindow/dpwindow/dpwindow_ref.h" />
		<Unit filename="dp/dprender/dpwindow/dpwindow/dpwindow_writelock.cpp" />
		<Unit filename="dp/dprender/dpwindow/dpwindow/dpwindow_writelock.h" />
		<Unit filename="dp/dprender/dpwindow/dpwindow_task/dpwindow_task.cpp" />
		<Unit filename="dp/dprender/dpwindow/dpwindow_task/dpwindow_task.h" />
		<Unit filename="dp/dprender/dpwindow/dpwindow_x11/dpwindow_x11.cpp" />
		<Unit filename="dp/dprender/dpwindow/dpwindow_x11/dpwindow_x11.h" />
		<Unit filename="dp/dprender/dpwindow/dpwindow_x11/dpwindow_x11_factory.cpp" />
		<Unit filename="dp/dprender/dpwindow/dpwindow_x11/dpwindow_x11_factory.h" />
		<Unit filename="dp/dprender/dpwindow/dpwindow_x11/dpwindow_x11_readlock.cpp" />
		<Unit filename="dp/dprender/dpwindow/dpwindow_x11/dpwindow_x11_readlock.h" />
		<Unit filename="dp/dprender/dpwindow/dpwindow_x11/dpwindow_x11_ref.cpp" />
		<Unit filename="dp/dprender/dpwindow/dpwindow_x11/dpwindow_x11_ref.h" />
		<Unit filename="dp/dprender/dpwindow/dpwindow_x11/dpwindow_x11_writelock.cpp" />
		<Unit filename="dp/dprender/dpwindow/dpwindow_x11/dpwindow_x11_writelock.h" />
		<Unit filename="main.cpp" />
		<Unit filename="zlib/adler32.c">
			<Option compilerVar="CC" />
		</Unit>
		<Unit filename="zlib/compress.c">
			<Option compilerVar="CC" />
		</Unit>
		<Unit filename="zlib/crc32.c">
			<Option compilerVar="CC" />
		</Unit>
		<Unit filename="zlib/crc32.h" />
		<Unit filename="zlib/deflate.c">
			<Option compilerVar="CC" />
		</Unit>
		<Unit filename="zlib/deflate.h" />
		<Unit filename="zlib/gzclose.c">
			<Option compilerVar="CC" />
		</Unit>
		<Unit filename="zlib/gzguts.h" />
		<Unit filename="zlib/gzlib.c">
			<Option compilerVar="CC" />
		</Unit>
		<Unit filename="zlib/gzread.c">
			<Option compilerVar="CC" />
		</Unit>
		<Unit filename="zlib/gzwrite.c">
			<Option compilerVar="CC" />
		</Unit>
		<Unit filename="zlib/infback.c">
			<Option compilerVar="CC" />
		</Unit>
		<Unit filename="zlib/inffast.c">
			<Option compilerVar="CC" />
		</Unit>
		<Unit filename="zlib/inffast.h" />
		<Unit filename="zlib/inffixed.h" />
		<Unit filename="zlib/inflate.c">
			<Option compilerVar="CC" />
		</Unit>
		<Unit filename="zlib/inflate.h" />
		<Unit filename="zlib/inftrees.c">
			<Option compilerVar="CC" />
		</Unit>
		<Unit filename="zlib/inftrees.h" />
		<Unit filename="zlib/trees.c">
			<Option compilerVar="CC" />
		</Unit>
		<Unit filename="zlib/trees.h" />
		<Unit filename="zlib/uncompr.c">
			<Option compilerVar="CC" />
		</Unit>
		<Unit filename="zlib/zconf.h" />
		<Unit filename="zlib/zlib.h" />
		<Unit filename="zlib/zutil.c">
			<Option compilerVar="CC" />
		</Unit>
		<Unit filename="zlib/zutil.h" />
		<Extensions>
			<code_completion />
			<envvars />
			<debugger />
			<lib_finder disable_auto="1" />
		</Extensions>
	</Project>
</CodeBlocks_project_file>
